
Microsoft Visual Studio Solution File, Format Version 12.00
# Visual Studio Version 17
VisualStudioVersion = 17.4.33205.214
MinimumVisualStudioVersion = 10.0.40219.1
Project("{FAE04EC0-301F-11D3-BF4B-00C04F79EFBC}") = "FourSeasons", "FourSeasons.csproj", "{C69D6195-AF67-41CF-B7DE-7634F9DB995B}"
EndProject
Project("{FAE04EC0-301F-11D3-BF4B-00C04F79EFBC}") = "DAL", "..\DAL\DAL.csproj", "{EBAFE1B2-F516-4C20-9282-1717763551A5}"
EndProject
Global
	GlobalSection(SolutionConfigurationPlatforms) = preSolution
		Debug|Any CPU = Debug|Any CPU
		Release|Any CPU = Release|Any CPU
	EndGlobalSection
	GlobalSection(ProjectConfigurationPlatforms) = postSolution
		{C69D6195-AF67-41CF-B7DE-7634F9DB995B}.Debug|Any CPU.ActiveCfg = Debug|Any CPU
		{C69D6195-AF67-41CF-B7DE-7634F9DB995B}.Debug|Any CPU.Build.0 = Debug|Any CPU
		{C69D6195-AF67-41CF-B7DE-7634F9DB995B}.Release|Any CPU.ActiveCfg = Release|Any CPU
		{C69D6195-AF67-41CF-B7DE-7634F9DB995B}.Release|Any CPU.Build.0 = Release|Any CPU
		{EBAFE1B2-F516-4C20-9282-1717763551A5}.Debug|Any CPU.ActiveCfg = Debug|Any CPU
		{EBAFE1B2-F516-4C20-9282-1717763551A5}.Debug|Any CPU.Build.0 = Debug|Any CPU
		{EBAFE1B2-F516-4C20-9282-1717763551A5}.Release|Any CPU.ActiveCfg = Release|Any CPU
		{EBAFE1B2-F516-4C20-9282-1717763551A5}.Release|Any CPU.Build.0 = Release|Any CPU
	EndGlobalSection
	GlobalSection(SolutionProperties) = preSolution
		HideSolutionNode = FALSE
	EndGlobalSection
	GlobalSection(ExtensibilityGlobals) = postSolution
		SolutionGuid = {E86848BE-32E0-44DC-88DE-C60400B2E253}
	EndGlobalSection
EndGlobal
